{
  "version": 4,
  "terraform_version": "1.9.5",
  "serial": 28,
  "lineage": "119f439d-6152-b29a-ab89-34391ea7cfe0",
  "outputs": {
    "public_ip": {
      "value": "aws_instance.my_server.public_ip",
      "type": "string"
    },
    "sg_id": {
      "value": "sg-057d5078739d1ab68",
      "type": "string"
    }
  },
  "resources": [
    {
      "mode": "data",
      "type": "aws_vpc",
      "name": "terra_vpc",
      "provider": "provider[\"registry.terraform.io/hashicorp/aws\"]",
      "instances": [
        {
          "schema_version": 0,
          "attributes": {
            "arn": "arn:aws:ec2:us-east-1:246557437085:vpc/vpc-084b71d52d7e2e46c",
            "cidr_block": "10.0.0.0/16",
            "cidr_block_associations": [
              {
                "association_id": "vpc-cidr-assoc-048f5609ef0bee799",
                "cidr_block": "10.0.0.0/16",
                "state": "associated"
              }
            ],
            "default": false,
            "dhcp_options_id": "dopt-0f141de83b093f0fe",
            "enable_dns_hostnames": false,
            "enable_dns_support": true,
            "enable_network_address_usage_metrics": false,
            "filter": null,
            "id": "vpc-084b71d52d7e2e46c",
            "instance_tenancy": "default",
            "ipv6_association_id": "",
            "ipv6_cidr_block": "",
            "main_route_table_id": "rtb-0e165ee23a8df1cf6",
            "owner_id": "246557437085",
            "state": null,
            "tags": {
              "Name": "terra_vpc"
            },
            "timeouts": null
          },
          "sensitive_attributes": []
        }
      ]
    },
    {
      "mode": "data",
      "type": "template_file",
      "name": "user_data",
      "provider": "provider[\"registry.terraform.io/hashicorp/template\"]",
      "instances": [
        {
          "schema_version": 0,
          "attributes": {
            "filename": null,
            "id": "100339f7e39d78c3b6101b3c9b22951043350584de3b306d4aeb0cf8da8fd36e",
            "rendered": "#cloud-config\n\npackages:\n  - httpd\nruncmd:\n  - systemctl start httpd\n  - sudo systemctl enable httpd\n",
            "template": "#cloud-config\n\npackages:\n  - httpd\nruncmd:\n  - systemctl start httpd\n  - sudo systemctl enable httpd\n",
            "vars": null
          },
          "sensitive_attributes": []
        }
      ]
    },
    {
      "mode": "managed",
      "type": "aws_key_pair",
      "name": "deployer",
      "provider": "provider[\"registry.terraform.io/hashicorp/aws\"]",
      "instances": [
        {
          "schema_version": 1,
          "attributes": {
            "arn": "arn:aws:ec2:us-east-1:246557437085:key-pair/deployer-key",
            "fingerprint": "76:57:ba:a4:2c:fa:6f:3e:07:ef:da:95:ea:73:9e:13",
            "id": "deployer-key",
            "key_name": "deployer-key",
            "key_name_prefix": "",
            "key_pair_id": "key-0e14c6a0c5d068f5b",
            "key_type": "rsa",
            "public_key": "ssh-rsa AAAAB3NzaC1yc2EAAAADAQABAAABgQC1j3mUUVOvDLyPC0kpC5grfNjjwRuZqIKfwIkr/aU730vjaiZlsB92PQRIPqWBbvQp9Q3tEgGK9m9BM7pmf7l1oYu4bsd/G1xuxdpQan8axKS/2MxnDFML3TE+bIyOkcjE4d3ESptZzUo448g15ACE4svQ44YzQdr99p5tLGFFDFKOhXhe6d7bFYy4R8Kqajbemf+htEQtoY908lU3HjEwcv8DRwMv/tmU2zqoJ7ck2ZvIcfXjKXPP9koxJJ9b4CqPLIAkvk78bzmnwAR6HjkII5VwIWcpQmUxJU3+JD1iFfKgkIpPzH3ER51MMJK5zxucXWUCePV56AhCIsi2TExCY32Wh3dKcYaWAO2xxFtOk5tOfJLUebN7DNJPCoYf5MHW+6Is/knNl4T6e2h3etGT7CSbXlAPqxLnvIHW63427Gro+Qx2bFTQ8GXCr2FFw6smYWXtPaaMYIHNzAjcW7qt/9iUQXO066OxpteyZm8B0E6OMtz5GlTlEC2pNrPQYPs= root@fareed-Devops",
            "tags": {},
            "tags_all": {}
          },
          "sensitive_attributes": [],
          "private": "eyJzY2hlbWFfdmVyc2lvbiI6IjEifQ=="
        }
      ]
    },
    {
      "mode": "managed",
      "type": "aws_security_group",
      "name": "allow_web_ssh",
      "provider": "provider[\"registry.terraform.io/hashicorp/aws\"]",
      "instances": [
        {
          "schema_version": 1,
          "attributes": {
            "arn": "arn:aws:ec2:us-east-1:246557437085:security-group/sg-057d5078739d1ab68",
            "description": "MyServer Security Group",
            "egress": [
              {
                "cidr_blocks": [
                  "0.0.0.0/0"
                ],
                "description": "Outbound Traffic",
                "from_port": 0,
                "ipv6_cidr_blocks": [
                  "::/0"
                ],
                "prefix_list_ids": [],
                "protocol": "-1",
                "security_groups": [],
                "self": false,
                "to_port": 0
              }
            ],
            "id": "sg-057d5078739d1ab68",
            "ingress": [
              {
                "cidr_blocks": [
                  "0.0.0.0/0"
                ],
                "description": "HTTP",
                "from_port": 80,
                "ipv6_cidr_blocks": [],
                "prefix_list_ids": [],
                "protocol": "tcp",
                "security_groups": [],
                "self": false,
                "to_port": 80
              },
              {
                "cidr_blocks": [
                  "0.0.0.0/0"
                ],
                "description": "SSH",
                "from_port": 22,
                "ipv6_cidr_blocks": [],
                "prefix_list_ids": [],
                "protocol": "tcp",
                "security_groups": [],
                "self": false,
                "to_port": 22
              }
            ],
            "name": "MyServer SG Group",
            "name_prefix": "",
            "owner_id": "246557437085",
            "revoke_rules_on_delete": false,
            "tags": {},
            "tags_all": {},
            "timeouts": null,
            "vpc_id": "vpc-084b71d52d7e2e46c"
          },
          "sensitive_attributes": [],
          "private": "eyJlMmJmYjczMC1lY2FhLTExZTYtOGY4OC0zNDM2M2JjN2M0YzAiOnsiY3JlYXRlIjo2MDAwMDAwMDAwMDAsImRlbGV0ZSI6OTAwMDAwMDAwMDAwfSwic2NoZW1hX3ZlcnNpb24iOiIxIn0=",
          "dependencies": [
            "data.aws_vpc.terra_vpc"
          ]
        }
      ]
    }
  ],
  "check_results": null
}
